
Microsoft Visual Studio Solution File, Format Version 12.00
# Visual Studio Version 17
VisualStudioVersion = 17.5.33516.290
MinimumVisualStudioVersion = 10.0.40219.1
Project("{2150E333-8FDC-42A3-9474-1A3956D46DE8}") = "Applications", "Applications", "{771DC86F-D79F-4D1C-9D86-839BCE4EE0BC}"
EndProject
Project("{2150E333-8FDC-42A3-9474-1A3956D46DE8}") = "Libraries", "Libraries", "{C4E3F986-168D-4542-8C95-E3F3A69BE86F}"
EndProject
Project("{FAE04EC0-301F-11D3-BF4B-00C04F79EFBC}") = "Web", "19T1021142.Web\Web.csproj", "{EB2E8128-E3FD-4D8B-B944-851A717FB324}"
EndProject
Project("{FAE04EC0-301F-11D3-BF4B-00C04F79EFBC}") = "DomainModels", "19T1021142.DomainModels\DomainModels.csproj", "{82154DD1-4A5B-41E4-B6C7-53832E853B9B}"
EndProject
Project("{FAE04EC0-301F-11D3-BF4B-00C04F79EFBC}") = "DataLayers", "19T1021142.DataLayers\DataLayers.csproj", "{F2C1303B-8DF6-48E0-9028-66FDD9D230E6}"
EndProject
Project("{FAE04EC0-301F-11D3-BF4B-00C04F79EFBC}") = "BusinessLayers", "19T1021142.BusinessLayers\BusinessLayers.csproj", "{675F9C81-E739-4EA0-B995-A1F2894749A4}"
EndProject
Global
	GlobalSection(SolutionConfigurationPlatforms) = preSolution
		Debug|Any CPU = Debug|Any CPU
		Release|Any CPU = Release|Any CPU
	EndGlobalSection
	GlobalSection(ProjectConfigurationPlatforms) = postSolution
		{EB2E8128-E3FD-4D8B-B944-851A717FB324}.Debug|Any CPU.ActiveCfg = Debug|Any CPU
		{EB2E8128-E3FD-4D8B-B944-851A717FB324}.Debug|Any CPU.Build.0 = Debug|Any CPU
		{EB2E8128-E3FD-4D8B-B944-851A717FB324}.Release|Any CPU.ActiveCfg = Release|Any CPU
		{EB2E8128-E3FD-4D8B-B944-851A717FB324}.Release|Any CPU.Build.0 = Release|Any CPU
		{82154DD1-4A5B-41E4-B6C7-53832E853B9B}.Debug|Any CPU.ActiveCfg = Debug|Any CPU
		{82154DD1-4A5B-41E4-B6C7-53832E853B9B}.Debug|Any CPU.Build.0 = Debug|Any CPU
		{82154DD1-4A5B-41E4-B6C7-53832E853B9B}.Release|Any CPU.ActiveCfg = Release|Any CPU
		{82154DD1-4A5B-41E4-B6C7-53832E853B9B}.Release|Any CPU.Build.0 = Release|Any CPU
		{F2C1303B-8DF6-48E0-9028-66FDD9D230E6}.Debug|Any CPU.ActiveCfg = Debug|Any CPU
		{F2C1303B-8DF6-48E0-9028-66FDD9D230E6}.Debug|Any CPU.Build.0 = Debug|Any CPU
		{F2C1303B-8DF6-48E0-9028-66FDD9D230E6}.Release|Any CPU.ActiveCfg = Release|Any CPU
		{F2C1303B-8DF6-48E0-9028-66FDD9D230E6}.Release|Any CPU.Build.0 = Release|Any CPU
		{675F9C81-E739-4EA0-B995-A1F2894749A4}.Debug|Any CPU.ActiveCfg = Debug|Any CPU
		{675F9C81-E739-4EA0-B995-A1F2894749A4}.Debug|Any CPU.Build.0 = Debug|Any CPU
		{675F9C81-E739-4EA0-B995-A1F2894749A4}.Release|Any CPU.ActiveCfg = Release|Any CPU
		{675F9C81-E739-4EA0-B995-A1F2894749A4}.Release|Any CPU.Build.0 = Release|Any CPU
	EndGlobalSection
	GlobalSection(SolutionProperties) = preSolution
		HideSolutionNode = FALSE
	EndGlobalSection
	GlobalSection(NestedProjects) = preSolution
		{EB2E8128-E3FD-4D8B-B944-851A717FB324} = {771DC86F-D79F-4D1C-9D86-839BCE4EE0BC}
		{82154DD1-4A5B-41E4-B6C7-53832E853B9B} = {C4E3F986-168D-4542-8C95-E3F3A69BE86F}
		{F2C1303B-8DF6-48E0-9028-66FDD9D230E6} = {C4E3F986-168D-4542-8C95-E3F3A69BE86F}
		{675F9C81-E739-4EA0-B995-A1F2894749A4} = {C4E3F986-168D-4542-8C95-E3F3A69BE86F}
	EndGlobalSection
	GlobalSection(ExtensibilityGlobals) = postSolution
		SolutionGuid = {170AC21D-4DAC-4F0E-B9B9-CFBE1EF5BFE1}
	EndGlobalSection
EndGlobal
